
Microsoft Visual Studio Solution File, Format Version 12.00
Project("{FAE04EC0-301F-11D3-BF4B-00C04F79EFBC}") = "Library.Operations", "Library.Operations\Library.Operations.csproj", "{18205C89-155C-459B-BB01-05714FF8F11D}"
EndProject
Project("{FAE04EC0-301F-11D3-BF4B-00C04F79EFBC}") = "Library.Authentication", "Library.Authentication\Library.Authentication.csproj", "{1B463C18-5F3F-4E8A-9464-1CB2AD1008A8}"
EndProject
Project("{FAE04EC0-301F-11D3-BF4B-00C04F79EFBC}") = "Tools.Configuration.Reader", "Tools\Tools.Configuration.Reader\Tools.Configuration.Reader.csproj", "{481CEBB4-E321-4B1B-8E99-51D52FAFD00A}"
EndProject
Project("{2150E333-8FDC-42A3-9474-1A3956D46DE8}") = "Tools", "Tools", "{1383D511-B3A0-4C96-A2B0-0CDCC0290D6B}"
EndProject
Project("{FAE04EC0-301F-11D3-BF4B-00C04F79EFBC}") = "Library.Json", "Library.Json\Library.Json.csproj", "{A57AF711-3A79-467A-B849-395F4F55BDA2}"
EndProject
Global
	GlobalSection(SolutionConfigurationPlatforms) = preSolution
		Debug|Any CPU = Debug|Any CPU
		Release|Any CPU = Release|Any CPU
	EndGlobalSection
	GlobalSection(ProjectConfigurationPlatforms) = postSolution
		{18205C89-155C-459B-BB01-05714FF8F11D}.Debug|Any CPU.ActiveCfg = Debug|Any CPU
		{18205C89-155C-459B-BB01-05714FF8F11D}.Debug|Any CPU.Build.0 = Debug|Any CPU
		{18205C89-155C-459B-BB01-05714FF8F11D}.Release|Any CPU.ActiveCfg = Release|Any CPU
		{18205C89-155C-459B-BB01-05714FF8F11D}.Release|Any CPU.Build.0 = Release|Any CPU
		{1B463C18-5F3F-4E8A-9464-1CB2AD1008A8}.Debug|Any CPU.ActiveCfg = Debug|Any CPU
		{1B463C18-5F3F-4E8A-9464-1CB2AD1008A8}.Debug|Any CPU.Build.0 = Debug|Any CPU
		{1B463C18-5F3F-4E8A-9464-1CB2AD1008A8}.Release|Any CPU.ActiveCfg = Release|Any CPU
		{1B463C18-5F3F-4E8A-9464-1CB2AD1008A8}.Release|Any CPU.Build.0 = Release|Any CPU
		{481CEBB4-E321-4B1B-8E99-51D52FAFD00A}.Debug|Any CPU.ActiveCfg = Debug|Any CPU
		{481CEBB4-E321-4B1B-8E99-51D52FAFD00A}.Debug|Any CPU.Build.0 = Debug|Any CPU
		{481CEBB4-E321-4B1B-8E99-51D52FAFD00A}.Release|Any CPU.ActiveCfg = Release|Any CPU
		{481CEBB4-E321-4B1B-8E99-51D52FAFD00A}.Release|Any CPU.Build.0 = Release|Any CPU
	EndGlobalSection
	GlobalSection(NestedProjects) = preSolution
		{481CEBB4-E321-4B1B-8E99-51D52FAFD00A} = {1383D511-B3A0-4C96-A2B0-0CDCC0290D6B}
	EndGlobalSection
EndGlobal
